
Microsoft Visual Studio Solution File, Format Version 12.00
# Visual Studio Version 17
VisualStudioVersion = 17.4.32916.344
MinimumVisualStudioVersion = 10.0.40219.1
Project("{FAE04EC0-301F-11D3-BF4B-00C04F79EFBC}") = "Mukorcsolya", "Mukorcsolya.csproj", "{1EE2BE0A-7FA2-4932-A72D-3E082D6FD331}"
EndProject
Global
	GlobalSection(SolutionConfigurationPlatforms) = preSolution
		Debug|Any CPU = Debug|Any CPU
		Release|Any CPU = Release|Any CPU
	EndGlobalSection
	GlobalSection(ProjectConfigurationPlatforms) = postSolution
		{1EE2BE0A-7FA2-4932-A72D-3E082D6FD331}.Debug|Any CPU.ActiveCfg = Debug|Any CPU
		{1EE2BE0A-7FA2-4932-A72D-3E082D6FD331}.Debug|Any CPU.Build.0 = Debug|Any CPU
		{1EE2BE0A-7FA2-4932-A72D-3E082D6FD331}.Release|Any CPU.ActiveCfg = Release|Any CPU
		{1EE2BE0A-7FA2-4932-A72D-3E082D6FD331}.Release|Any CPU.Build.0 = Release|Any CPU
	EndGlobalSection
	GlobalSection(SolutionProperties) = preSolution
		HideSolutionNode = FALSE
	EndGlobalSection
	GlobalSection(ExtensibilityGlobals) = postSolution
		SolutionGuid = {460CD1F1-4E57-4F26-80FB-8FB5C4F40509}
	EndGlobalSection
EndGlobal
